
Microsoft Visual Studio Solution File, Format Version 12.00
# Visual Studio Version 17
VisualStudioVersion = 17.0.31717.71
MinimumVisualStudioVersion = 10.0.40219.1
Project("{9A19103F-16F7-4668-BE54-9A1E7A4F7556}") = "CV19", "CV19\CV19.csproj", "{A7BA0975-5420-48D6-B241-0171BBC10574}"
EndProject
Project("{2150E333-8FDC-42A3-9474-1A3956D46DE8}") = "Tests", "Tests", "{CC8EBF6A-0080-422A-BACA-8EE643063E8D}"
EndProject
Project("{9A19103F-16F7-4668-BE54-9A1E7A4F7556}") = "CV19WPFTest", "Tests\CV19WPFTest\CV19WPFTest.csproj", "{B06A9630-6401-4E05-98F1-26C105E8A9C2}"
EndProject
Project("{9A19103F-16F7-4668-BE54-9A1E7A4F7556}") = "CVConsoleTest", "Tests\CVConsoleTest\CVConsoleTest.csproj", "{350AC6A1-5E54-40C4-9F30-DC71CB715271}"
EndProject
Project("{FAE04EC0-301F-11D3-BF4B-00C04F79EFBC}") = "CV19.Web", "CV19.Web\CV19.Web.csproj", "{61E11DBF-A7B6-4746-B063-8142BB10FBEB}"
EndProject
Global
	GlobalSection(SolutionConfigurationPlatforms) = preSolution
		Debug|Any CPU = Debug|Any CPU
		Release|Any CPU = Release|Any CPU
	EndGlobalSection
	GlobalSection(ProjectConfigurationPlatforms) = postSolution
		{A7BA0975-5420-48D6-B241-0171BBC10574}.Debug|Any CPU.ActiveCfg = Debug|Any CPU
		{A7BA0975-5420-48D6-B241-0171BBC10574}.Debug|Any CPU.Build.0 = Debug|Any CPU
		{A7BA0975-5420-48D6-B241-0171BBC10574}.Release|Any CPU.ActiveCfg = Release|Any CPU
		{A7BA0975-5420-48D6-B241-0171BBC10574}.Release|Any CPU.Build.0 = Release|Any CPU
		{B06A9630-6401-4E05-98F1-26C105E8A9C2}.Debug|Any CPU.ActiveCfg = Debug|Any CPU
		{B06A9630-6401-4E05-98F1-26C105E8A9C2}.Debug|Any CPU.Build.0 = Debug|Any CPU
		{B06A9630-6401-4E05-98F1-26C105E8A9C2}.Release|Any CPU.ActiveCfg = Release|Any CPU
		{B06A9630-6401-4E05-98F1-26C105E8A9C2}.Release|Any CPU.Build.0 = Release|Any CPU
		{350AC6A1-5E54-40C4-9F30-DC71CB715271}.Debug|Any CPU.ActiveCfg = Debug|Any CPU
		{350AC6A1-5E54-40C4-9F30-DC71CB715271}.Debug|Any CPU.Build.0 = Debug|Any CPU
		{350AC6A1-5E54-40C4-9F30-DC71CB715271}.Release|Any CPU.ActiveCfg = Release|Any CPU
		{350AC6A1-5E54-40C4-9F30-DC71CB715271}.Release|Any CPU.Build.0 = Release|Any CPU
		{61E11DBF-A7B6-4746-B063-8142BB10FBEB}.Debug|Any CPU.ActiveCfg = Debug|Any CPU
		{61E11DBF-A7B6-4746-B063-8142BB10FBEB}.Debug|Any CPU.Build.0 = Debug|Any CPU
		{61E11DBF-A7B6-4746-B063-8142BB10FBEB}.Release|Any CPU.ActiveCfg = Release|Any CPU
		{61E11DBF-A7B6-4746-B063-8142BB10FBEB}.Release|Any CPU.Build.0 = Release|Any CPU
	EndGlobalSection
	GlobalSection(SolutionProperties) = preSolution
		HideSolutionNode = FALSE
	EndGlobalSection
	GlobalSection(NestedProjects) = preSolution
		{B06A9630-6401-4E05-98F1-26C105E8A9C2} = {CC8EBF6A-0080-422A-BACA-8EE643063E8D}
		{350AC6A1-5E54-40C4-9F30-DC71CB715271} = {CC8EBF6A-0080-422A-BACA-8EE643063E8D}
	EndGlobalSection
	GlobalSection(ExtensibilityGlobals) = postSolution
		SolutionGuid = {DE0683D3-B7A4-4A5C-81BC-35FE6FA708C8}
	EndGlobalSection
EndGlobal
